// !$*UTF8*$!
{
	archiveVersion = 1;
	classes = {
	};
	objectVersion = 55;
	objects = {

/* Begin PBXBuildFile section */
		C5414E46282D5D160074931A /* Memorize_2022App.swift in Sources */ = {isa = PBXBuildFile; fileRef = C5414E45282D5D160074931A /* Memorize_2022App.swift */; };
		C5414E48282D5D160074931A /* ContentView.swift in Sources */ = {isa = PBXBuildFile; fileRef = C5414E47282D5D160074931A /* ContentView.swift */; };
		C5414E4A282D5D170074931A /* Assets.xcassets in Resources */ = {isa = PBXBuildFile; fileRef = C5414E49282D5D170074931A /* Assets.xcassets */; };
		C5414E4D282D5D170074931A /* Preview Assets.xcassets in Resources */ = {isa = PBXBuildFile; fileRef = C5414E4C282D5D170074931A /* Preview Assets.xcassets */; };
		C5455B66282E8EEB00D89A9D /* AssignmentOne.swift in Sources */ = {isa = PBXBuildFile; fileRef = C5455B65282E8EEB00D89A9D /* AssignmentOne.swift */; };
		C5455B6C282EB06400D89A9D /* MemoryGameModel.swift in Sources */ = {isa = PBXBuildFile; fileRef = C5455B6B282EB06400D89A9D /* MemoryGameModel.swift */; };
		C5455B6E282EB2C700D89A9D /* EmojiMemoryGameViewModel.swift in Sources */ = {isa = PBXBuildFile; fileRef = C5455B6D282EB2C700D89A9D /* EmojiMemoryGameViewModel.swift */; };
		C54D4269283BED0C00470B06 /* MemoryGame+Card.swift in Sources */ = {isa = PBXBuildFile; fileRef = C54D4268283BED0C00470B06 /* MemoryGame+Card.swift */; };
		C54D426B283D09B200470B06 /* CardView.swift in Sources */ = {isa = PBXBuildFile; fileRef = C54D426A283D09B200470B06 /* CardView.swift */; };
/* End PBXBuildFile section */

/* Begin PBXFileReference section */
		C5414E42282D5D160074931A /* Memorize 2022.app */ = {isa = PBXFileReference; explicitFileType = wrapper.application; includeInIndex = 0; path = "Memorize 2022.app"; sourceTree = BUILT_PRODUCTS_DIR; };
		C5414E45282D5D160074931A /* Memorize_2022App.swift */ = {isa = PBXFileReference; lastKnownFileType = sourcecode.swift; path = Memorize_2022App.swift; sourceTree = "<group>"; };
		C5414E47282D5D160074931A /* ContentView.swift */ = {isa = PBXFileReference; lastKnownFileType = sourcecode.swift; path = ContentView.swift; sourceTree = "<group>"; };
		C5414E49282D5D170074931A /* Assets.xcassets */ = {isa = PBXFileReference; lastKnownFileType = folder.assetcatalog; path = Assets.xcassets; sourceTree = "<group>"; };
		C5414E4C282D5D170074931A /* Preview Assets.xcassets */ = {isa = PBXFileReference; lastKnownFileType = folder.assetcatalog; path = "Preview Assets.xcassets"; sourceTree = "<group>"; };
		C5455B65282E8EEB00D89A9D /* AssignmentOne.swift */ = {isa = PBXFileReference; lastKnownFileType = sourcecode.swift; path = AssignmentOne.swift; sourceTree = "<group>"; };
		C5455B6B282EB06400D89A9D /* MemoryGameModel.swift */ = {isa = PBXFileReference; lastKnownFileType = sourcecode.swift; path = MemoryGameModel.swift; sourceTree = "<group>"; };
		C5455B6D282EB2C700D89A9D /* EmojiMemoryGameViewModel.swift */ = {isa = PBXFileReference; lastKnownFileType = sourcecode.swift; path = EmojiMemoryGameViewModel.swift; sourceTree = "<group>"; };
		C54D4268283BED0C00470B06 /* MemoryGame+Card.swift */ = {isa = PBXFileReference; lastKnownFileType = sourcecode.swift; path = "MemoryGame+Card.swift"; sourceTree = "<group>"; };
		C54D426A283D09B200470B06 /* CardView.swift */ = {isa = PBXFileReference; lastKnownFileType = sourcecode.swift; path = CardView.swift; sourceTree = "<group>"; };
/* End PBXFileReference section */

/* Begin PBXFrameworksBuildPhase section */
		C5414E3F282D5D160074931A /* Frameworks */ = {
			isa = PBXFrameworksBuildPhase;
			buildActionMask = 2147483647;
			files = (
			);
			runOnlyForDeploymentPostprocessing = 0;
		};
/* End PBXFrameworksBuildPhase section */

/* Begin PBXGroup section */
		C5414E39282D5D160074931A = {
			isa = PBXGroup;
			children = (
				C5414E44282D5D160074931A /* Memorize 2022 */,
				C5414E43282D5D160074931A /* Products */,
			);
			sourceTree = "<group>";
		};
		C5414E43282D5D160074931A /* Products */ = {
			isa = PBXGroup;
			children = (
				C5414E42282D5D160074931A /* Memorize 2022.app */,
			);
			name = Products;
			sourceTree = "<group>";
		};
		C5414E44282D5D160074931A /* Memorize 2022 */ = {
			isa = PBXGroup;
			children = (
				C5414E45282D5D160074931A /* Memorize_2022App.swift */,
				C5414E49282D5D170074931A /* Assets.xcassets */,
				C5414E4B282D5D170074931A /* Preview Content */,
				C5455B68282EAB6800D89A9D /* Model */,
				C5455B67282EAB6100D89A9D /* View */,
			);
			path = "Memorize 2022";
			sourceTree = "<group>";
		};
		C5414E4B282D5D170074931A /* Preview Content */ = {
			isa = PBXGroup;
			children = (
				C5414E4C282D5D170074931A /* Preview Assets.xcassets */,
			);
			path = "Preview Content";
			sourceTree = "<group>";
		};
		C5455B67282EAB6100D89A9D /* View */ = {
			isa = PBXGroup;
			children = (
				C5455B69282EAB7D00D89A9D /* Model */,
				C5455B65282E8EEB00D89A9D /* AssignmentOne.swift */,
				C54D426A283D09B200470B06 /* CardView.swift */,
				C5414E47282D5D160074931A /* ContentView.swift */,
			);
			path = View;
			sourceTree = "<group>";
		};
		C5455B68282EAB6800D89A9D /* Model */ = {
			isa = PBXGroup;
			children = (
				C5455B6A282EAB8600D89A9D /* Extension */,
				C5455B6B282EB06400D89A9D /* MemoryGameModel.swift */,
			);
			path = Model;
			sourceTree = "<group>";
		};
		C5455B69282EAB7D00D89A9D /* Model */ = {
			isa = PBXGroup;
			children = (
				C5455B6D282EB2C700D89A9D /* EmojiMemoryGameViewModel.swift */,
			);
			path = Model;
			sourceTree = "<group>";
		};
		C5455B6A282EAB8600D89A9D /* Extension */ = {
			isa = PBXGroup;
			children = (
				C54D4268283BED0C00470B06 /* MemoryGame+Card.swift */,
			);
			path = Extension;
			sourceTree = "<group>";
		};
/* End PBXGroup section */

/* Begin PBXNativeTarget section */
		C5414E41282D5D160074931A /* Memorize 2022 */ = {
			isa = PBXNativeTarget;
			buildConfigurationList = C5414E50282D5D170074931A /* Build configuration list for PBXNativeTarget "Memorize 2022" */;
			buildPhases = (
				C5414E3E282D5D160074931A /* Sources */,
				C5414E3F282D5D160074931A /* Frameworks */,
				C5414E40282D5D160074931A /* Resources */,
			);
			buildRules = (
			);
			dependencies = (
			);
			name = "Memorize 2022";
			productName = "Memorize 2022";
			productReference = C5414E42282D5D160074931A /* Memorize 2022.app */;
			productType = "com.apple.product-type.application";
		};
/* End PBXNativeTarget section */

/* Begin PBXProject section */
		C5414E3A282D5D160074931A /* Project object */ = {
			isa = PBXProject;
			attributes = {
				BuildIndependentTargetsInParallel = 1;
				LastSwiftUpdateCheck = 1330;
				LastUpgradeCheck = 1330;
				TargetAttributes = {
					C5414E41282D5D160074931A = {
						CreatedOnToolsVersion = 13.3.1;
					};
				};
			};
			buildConfigurationList = C5414E3D282D5D160074931A /* Build configuration list for PBXProject "Memorize 2022" */;
			compatibilityVersion = "Xcode 13.0";
			developmentRegion = en;
			hasScannedForEncodings = 0;
			knownRegions = (
				en,
				Base,
			);
			mainGroup = C5414E39282D5D160074931A;
			productRefGroup = C5414E43282D5D160074931A /* Products */;
			projectDirPath = "";
			projectRoot = "";
			targets = (
				C5414E41282D5D160074931A /* Memorize 2022 */,
			);
		};
/* End PBXProject section */

/* Begin PBXResourcesBuildPhase section */
		C5414E40282D5D160074931A /* Resources */ = {
			isa = PBXResourcesBuildPhase;
			buildActionMask = 2147483647;
			files = (
				C5414E4D282D5D170074931A /* Preview Assets.xcassets in Resources */,
				C5414E4A282D5D170074931A /* Assets.xcassets in Resources */,
			);
			runOnlyForDeploymentPostprocessing = 0;
		};
/* End PBXResourcesBuildPhase section */

/* Begin PBXSourcesBuildPhase section */
		C5414E3E282D5D160074931A /* Sources */ = {
			isa = PBXSourcesBuildPhase;
			buildActionMask = 2147483647;
			files = (
				C54D426B283D09B200470B06 /* CardView.swift in Sources */,
				C5455B66282E8EEB00D89A9D /* AssignmentOne.swift in Sources */,
				C5455B6C282EB06400D89A9D /* MemoryGameModel.swift in Sources */,
				C5414E48282D5D160074931A /* ContentView.swift in Sources */,
				C5455B6E282EB2C700D89A9D /* EmojiMemoryGameViewModel.swift in Sources */,
				C54D4269283BED0C00470B06 /* MemoryGame+Card.swift in Sources */,
				C5414E46282D5D160074931A /* Memorize_2022App.swift in Sources */,
			);
			runOnlyForDeploymentPostprocessing = 0;
		};
/* End PBXSourcesBuildPhase section */

/* Begin XCBuildConfiguration section */
		C5414E4E282D5D170074931A /* Debug */ = {
			isa = XCBuildConfiguration;
			buildSettings = {
				ALWAYS_SEARCH_USER_PATHS = NO;
				CLANG_ANALYZER_NONNULL = YES;
				CLANG_ANALYZER_NUMBER_OBJECT_CONVERSION = YES_AGGRESSIVE;
				CLANG_CXX_LANGUAGE_STANDARD = "gnu++17";
				CLANG_ENABLE_MODULES = YES;
				CLANG_ENABLE_OBJC_ARC = YES;
				CLANG_ENABLE_OBJC_WEAK = YES;
				CLANG_WARN_BLOCK_CAPTURE_AUTORELEASING = YES;
				CLANG_WARN_BOOL_CONVERSION = YES;
				CLANG_WARN_COMMA = YES;
				CLANG_WARN_CONSTANT_CONVERSION = YES;
				CLANG_WARN_DEPRECATED_OBJC_IMPLEMENTATIONS = YES;
				CLANG_WARN_DIRECT_OBJC_ISA_USAGE = YES_ERROR;
				CLANG_WARN_DOCUMENTATION_COMMENTS = YES;
				CLANG_WARN_EMPTY_BODY = YES;
				CLANG_WARN_ENUM_CONVERSION = YES;
				CLANG_WARN_INFINITE_RECURSION = YES;
				CLANG_WARN_INT_CONVERSION = YES;
				CLANG_WARN_NON_LITERAL_NULL_CONVERSION = YES;
				CLANG_WARN_OBJC_IMPLICIT_RETAIN_SELF = YES;
				CLANG_WARN_OBJC_LITERAL_CONVERSION = YES;
				CLANG_WARN_OBJC_ROOT_CLASS = YES_ERROR;
				CLANG_WARN_QUOTED_INCLUDE_IN_FRAMEWORK_HEADER = YES;
				CLANG_WARN_RANGE_LOOP_ANALYSIS = YES;
				CLANG_WARN_STRICT_PROTOTYPES = YES;
				CLANG_WARN_SUSPICIOUS_MOVE = YES;
				CLANG_WARN_UNGUARDED_AVAILABILITY = YES_AGGRESSIVE;
				CLANG_WARN_UNREACHABLE_CODE = YES;
				CLANG_WARN__DUPLICATE_METHOD_MATCH = YES;
				COPY_PHASE_STRIP = NO;
				DEBUG_INFORMATION_FORMAT = dwarf;
				ENABLE_STRICT_OBJC_MSGSEND = YES;
				ENABLE_TESTABILITY = YES;
				GCC_C_LANGUAGE_STANDARD = gnu11;
				GCC_DYNAMIC_NO_PIC = NO;
				GCC_NO_COMMON_BLOCKS = YES;
				GCC_OPTIMIZATION_LEVEL = 0;
				GCC_PREPROCESSOR_DEFINITIONS = (
					"DEBUG=1",
					"$(inherited)",
				);
				GCC_WARN_64_TO_32_BIT_CONVERSION = YES;
				GCC_WARN_ABOUT_RETURN_TYPE = YES_ERROR;
				GCC_WARN_UNDECLARED_SELECTOR = YES;
				GCC_WARN_UNINITIALIZED_AUTOS = YES_AGGRESSIVE;
				GCC_WARN_UNUSED_FUNCTION = YES;
				GCC_WARN_UNUSED_VARIABLE = YES;
				IPHONEOS_DEPLOYMENT_TARGET = 15.4;
				MTL_ENABLE_DEBUG_INFO = INCLUDE_SOURCE;
				MTL_FAST_MATH = YES;
				ONLY_ACTIVE_ARCH = YES;
				SDKROOT = iphoneos;
				SWIFT_ACTIVE_COMPILATION_CONDITIONS = DEBUG;
				SWIFT_OPTIMIZATION_LEVEL = "-Onone";
			};
			name = Debug;
		};
		C5414E4F282D5D170074931A /* Release */ = {
			isa = XCBuildConfiguration;
			buildSettings = {
				ALWAYS_SEARCH_USER_PATHS = NO;
				CLANG_ANALYZER_NONNULL = YES;
				CLANG_ANALYZER_NUMBER_OBJECT_CONVERSION = YES_AGGRESSIVE;
				CLANG_CXX_LANGUAGE_STANDARD = "gnu++17";
				CLANG_ENABLE_MODULES = YES;
				CLANG_ENABLE_OBJC_ARC = YES;
				CLANG_ENABLE_OBJC_WEAK = YES;
				CLANG_WARN_BLOCK_CAPTURE_AUTORELEASING = YES;
				CLANG_WARN_BOOL_CONVERSION = YES;
				CLANG_WARN_COMMA = YES;
				CLANG_WARN_CONSTANT_CONVERSION = YES;
				CLANG_WARN_DEPRECATED_OBJC_IMPLEMENTATIONS = YES;
				CLANG_WARN_DIRECT_OBJC_ISA_USAGE = YES_ERROR;
				CLANG_WARN_DOCUMENTATION_COMMENTS = YES;
				CLANG_WARN_EMPTY_BODY = YES;
				CLANG_WARN_ENUM_CONVERSION = YES;
				CLANG_WARN_INFINITE_RECURSION = YES;
				CLANG_WARN_INT_CONVERSION = YES;
				CLANG_WARN_NON_LITERAL_NULL_CONVERSION = YES;
				CLANG_WARN_OBJC_IMPLICIT_RETAIN_SELF = YES;
				CLANG_WARN_OBJC_LITERAL_CONVERSION = YES;
				CLANG_WARN_OBJC_ROOT_CLASS = YES_ERROR;
				CLANG_WARN_QUOTED_INCLUDE_IN_FRAMEWORK_HEADER = YES;
				CLANG_WARN_RANGE_LOOP_ANALYSIS = YES;
				CLANG_WARN_STRICT_PROTOTYPES = YES;
				CLANG_WARN_SUSPICIOUS_MOVE = YES;
				CLANG_WARN_UNGUARDED_AVAILABILITY = YES_AGGRESSIVE;
				CLANG_WARN_UNREACHABLE_CODE = YES;
				CLANG_WARN__DUPLICATE_METHOD_MATCH = YES;
				COPY_PHASE_STRIP = NO;
				DEBUG_INFORMATION_FORMAT = "dwarf-with-dsym";
				ENABLE_NS_ASSERTIONS = NO;
				ENABLE_STRICT_OBJC_MSGSEND = YES;
				GCC_C_LANGUAGE_STANDARD = gnu11;
				GCC_NO_COMMON_BLOCKS = YES;
				GCC_WARN_64_TO_32_BIT_CONVERSION = YES;
				GCC_WARN_ABOUT_RETURN_TYPE = YES_ERROR;
				GCC_WARN_UNDECLARED_SELECTOR = YES;
				GCC_WARN_UNINITIALIZED_AUTOS = YES_AGGRESSIVE;
				GCC_WARN_UNUSED_FUNCTION = YES;
				GCC_WARN_UNUSED_VARIABLE = YES;
				IPHONEOS_DEPLOYMENT_TARGET = 15.4;
				MTL_ENABLE_DEBUG_INFO = NO;
				MTL_FAST_MATH = YES;
				SDKROOT = iphoneos;
				SWIFT_COMPILATION_MODE = wholemodule;
				SWIFT_OPTIMIZATION_LEVEL = "-O";
				VALIDATE_PRODUCT = YES;
			};
			name = Release;
		};
		C5414E51282D5D170074931A /* Debug */ = {
			isa = XCBuildConfiguration;
			buildSettings = {
				ASSETCATALOG_COMPILER_APPICON_NAME = AppIcon;
				ASSETCATALOG_COMPILER_GLOBAL_ACCENT_COLOR_NAME = AccentColor;
				CODE_SIGN_STYLE = Automatic;
				CURRENT_PROJECT_VERSION = 1;
				DEVELOPMENT_ASSET_PATHS = "\"Memorize 2022/Preview Content\"";
				DEVELOPMENT_TEAM = PKTBX2CYQK;
				ENABLE_PREVIEWS = YES;
				GENERATE_INFOPLIST_FILE = YES;
				INFOPLIST_KEY_UIApplicationSceneManifest_Generation = YES;
				INFOPLIST_KEY_UIApplicationSupportsIndirectInputEvents = YES;
				INFOPLIST_KEY_UILaunchScreen_Generation = YES;
				INFOPLIST_KEY_UISupportedInterfaceOrientations_iPad = "UIInterfaceOrientationPortrait UIInterfaceOrientationPortraitUpsideDown UIInterfaceOrientationLandscapeLeft UIInterfaceOrientationLandscapeRight";
				INFOPLIST_KEY_UISupportedInterfaceOrientations_iPhone = "UIInterfaceOrientationPortrait UIInterfaceOrientationLandscapeLeft UIInterfaceOrientationLandscapeRight";
				LD_RUNPATH_SEARCH_PATHS = (
					"$(inherited)",
					"@executable_path/Frameworks",
				);
				MARKETING_VERSION = 1.0;
				PRODUCT_BUNDLE_IDENTIFIER = "nicefiction.Memorize-2022";
				PRODUCT_NAME = "$(TARGET_NAME)";
				SWIFT_EMIT_LOC_STRINGS = YES;
				SWIFT_VERSION = 5.0;
				TARGETED_DEVICE_FAMILY = "1,2";
			};
			name = Debug;
		};
		C5414E52282D5D170074931A /* Release */ = {
			isa = XCBuildConfiguration;
			buildSettings = {
				ASSETCATALOG_COMPILER_APPICON_NAME = AppIcon;
				ASSETCATALOG_COMPILER_GLOBAL_ACCENT_COLOR_NAME = AccentColor;
				CODE_SIGN_STYLE = Automatic;
				CURRENT_PROJECT_VERSION = 1;
				DEVELOPMENT_ASSET_PATHS = "\"Memorize 2022/Preview Content\"";
				DEVELOPMENT_TEAM = PKTBX2CYQK;
				ENABLE_PREVIEWS = YES;
				GENERATE_INFOPLIST_FILE = YES;
				INFOPLIST_KEY_UIApplicationSceneManifest_Generation = YES;
				INFOPLIST_KEY_UIApplicationSupportsIndirectInputEvents = YES;
				INFOPLIST_KEY_UILaunchScreen_Generation = YES;
				INFOPLIST_KEY_UISupportedInterfaceOrientations_iPad = "UIInterfaceOrientationPortrait UIInterfaceOrientationPortraitUpsideDown UIInterfaceOrientationLandscapeLeft UIInterfaceOrientationLandscapeRight";
				INFOPLIST_KEY_UISupportedInterfaceOrientations_iPhone = "UIInterfaceOrientationPortrait UIInterfaceOrientationLandscapeLeft UIInterfaceOrientationLandscapeRight";
				LD_RUNPATH_SEARCH_PATHS = (
					"$(inherited)",
					"@executable_path/Frameworks",
				);
				MARKETING_VERSION = 1.0;
				PRODUCT_BUNDLE_IDENTIFIER = "nicefiction.Memorize-2022";
				PRODUCT_NAME = "$(TARGET_NAME)";
				SWIFT_EMIT_LOC_STRINGS = YES;
				SWIFT_VERSION = 5.0;
				TARGETED_DEVICE_FAMILY = "1,2";
			};
			name = Release;
		};
/* End XCBuildConfiguration section */

/* Begin XCConfigurationList section */
		C5414E3D282D5D160074931A /* Build configuration list for PBXProject "Memorize 2022" */ = {
			isa = XCConfigurationList;
			buildConfigurations = (
				C5414E4E282D5D170074931A /* Debug */,
				C5414E4F282D5D170074931A /* Release */,
			);
			defaultConfigurationIsVisible = 0;
			defaultConfigurationName = Release;
		};
		C5414E50282D5D170074931A /* Build configuration list for PBXNativeTarget "Memorize 2022" */ = {
			isa = XCConfigurationList;
			buildConfigurations = (
				C5414E51282D5D170074931A /* Debug */,
				C5414E52282D5D170074931A /* Release */,
			);
			defaultConfigurationIsVisible = 0;
			defaultConfigurationName = Release;
		};
/* End XCConfigurationList section */
	};
	rootObject = C5414E3A282D5D160074931A /* Project object */;
}
